
Microsoft Visual Studio Solution File, Format Version 12.00
# Visual Studio Version 17
VisualStudioVersion = 17.1.32210.238
MinimumVisualStudioVersion = 10.0.40219.1
Project("{2150E333-8FDC-42A3-9474-1A3956D46DE8}") = "src", "src", "{99417597-C5DB-4AFA-93FC-342738E40039}"
EndProject
Project("{FAE04EC0-301F-11D3-BF4B-00C04F79EFBC}") = "GameLogic", "GameLogic\GameLogic.csproj", "{5960C749-D2F1-43C9-B866-A8C5063A8C17}"
EndProject
Project("{FAE04EC0-301F-11D3-BF4B-00C04F79EFBC}") = "GameTest", "GameTest\GameTest.csproj", "{4F477B68-94E3-4CAB-93A8-8715F6E5DB12}"
EndProject
Project("{FAE04EC0-301F-11D3-BF4B-00C04F79EFBC}") = "ConsoleApp1", "ConsoleApp1\ConsoleApp1.csproj", "{D1D9E3C3-8564-412D-9341-88EB95850C08}"
EndProject
Global
	GlobalSection(SolutionConfigurationPlatforms) = preSolution
		Debug|Any CPU = Debug|Any CPU
		Release|Any CPU = Release|Any CPU
	EndGlobalSection
	GlobalSection(ProjectConfigurationPlatforms) = postSolution
		{5960C749-D2F1-43C9-B866-A8C5063A8C17}.Debug|Any CPU.ActiveCfg = Debug|Any CPU
		{5960C749-D2F1-43C9-B866-A8C5063A8C17}.Debug|Any CPU.Build.0 = Debug|Any CPU
		{5960C749-D2F1-43C9-B866-A8C5063A8C17}.Release|Any CPU.ActiveCfg = Release|Any CPU
		{5960C749-D2F1-43C9-B866-A8C5063A8C17}.Release|Any CPU.Build.0 = Release|Any CPU
		{4F477B68-94E3-4CAB-93A8-8715F6E5DB12}.Debug|Any CPU.ActiveCfg = Debug|Any CPU
		{4F477B68-94E3-4CAB-93A8-8715F6E5DB12}.Debug|Any CPU.Build.0 = Debug|Any CPU
		{4F477B68-94E3-4CAB-93A8-8715F6E5DB12}.Release|Any CPU.ActiveCfg = Release|Any CPU
		{4F477B68-94E3-4CAB-93A8-8715F6E5DB12}.Release|Any CPU.Build.0 = Release|Any CPU
		{D1D9E3C3-8564-412D-9341-88EB95850C08}.Debug|Any CPU.ActiveCfg = Debug|Any CPU
		{D1D9E3C3-8564-412D-9341-88EB95850C08}.Debug|Any CPU.Build.0 = Debug|Any CPU
		{D1D9E3C3-8564-412D-9341-88EB95850C08}.Release|Any CPU.ActiveCfg = Release|Any CPU
		{D1D9E3C3-8564-412D-9341-88EB95850C08}.Release|Any CPU.Build.0 = Release|Any CPU
	EndGlobalSection
	GlobalSection(SolutionProperties) = preSolution
		HideSolutionNode = FALSE
	EndGlobalSection
	GlobalSection(NestedProjects) = preSolution
		{5960C749-D2F1-43C9-B866-A8C5063A8C17} = {99417597-C5DB-4AFA-93FC-342738E40039}
		{4F477B68-94E3-4CAB-93A8-8715F6E5DB12} = {99417597-C5DB-4AFA-93FC-342738E40039}
		{D1D9E3C3-8564-412D-9341-88EB95850C08} = {99417597-C5DB-4AFA-93FC-342738E40039}
	EndGlobalSection
	GlobalSection(ExtensibilityGlobals) = postSolution
		SolutionGuid = {BF5D2DF1-6C37-4558-AD4B-B9B9DCE443EA}
	EndGlobalSection
EndGlobal
